
Microsoft Visual Studio Solution File, Format Version 12.00
# Visual Studio Version 17
VisualStudioVersion = 17.11.35327.3
MinimumVisualStudioVersion = 10.0.40219.1
Project("{8BC9CEB8-8B4A-11D0-8D11-00A0C91BC942}") = "TicTacToe4x4", "TicTacToe4x4\TicTacToe4x4.vcxproj", "{5D60C431-2998-4BD9-B701-1DB2F476AE43}"
EndProject
Project("{2150E333-8FDC-42A3-9474-1A3956D46DE8}") = "Solution Items", "Solution Items", "{9EABFB9B-A840-4090-B062-F103597121FB}"
	ProjectSection(SolutionItems) = preProject
		.github\workflows\ci.yml = .github\workflows\ci.yml
	EndProjectSection
EndProject
Project("{8BC9CEB8-8B4A-11D0-8D11-00A0C91BC942}") = "TicTacToeTest", "TicTacToeTest\TicTacToeTest.vcxproj", "{AEE3EBCC-A2F4-4973-A8B4-2DD005E78286}"
EndProject
Global
	GlobalSection(SolutionConfigurationPlatforms) = preSolution
		Release|x64 = Release|x64
	EndGlobalSection
	GlobalSection(ProjectConfigurationPlatforms) = postSolution
		{5D60C431-2998-4BD9-B701-1DB2F476AE43}.Release|x64.ActiveCfg = Release|x64
		{5D60C431-2998-4BD9-B701-1DB2F476AE43}.Release|x64.Build.0 = Release|x64
		{AEE3EBCC-A2F4-4973-A8B4-2DD005E78286}.Release|x64.ActiveCfg = Release|x64
		{AEE3EBCC-A2F4-4973-A8B4-2DD005E78286}.Release|x64.Build.0 = Release|x64
	EndGlobalSection
	GlobalSection(SolutionProperties) = preSolution
		HideSolutionNode = FALSE
	EndGlobalSection
	GlobalSection(ExtensibilityGlobals) = postSolution
		SolutionGuid = {3971C5CF-5B2C-4A4F-8AD6-C906A8194738}
	EndGlobalSection
EndGlobal
